
Microsoft Visual Studio Solution File, Format Version 12.00
# Visual Studio Version 17
VisualStudioVersion = 17.10.35013.160
MinimumVisualStudioVersion = 10.0.40219.1
Project("{9A19103F-16F7-4668-BE54-9A1E7A4F7556}") = "BankingApp", "BankingApp.csproj", "{1D8DFDB3-A592-4BA8-9990-D8F2C0F1D088}"
EndProject
Project("{FAE04EC0-301F-11D3-BF4B-00C04F79EFBC}") = "BankingAppTests", "..\BankingAppTests\BankingAppTests.csproj", "{45F15C71-063E-4198-937C-746A86F0F667}"
EndProject
Global
	GlobalSection(SolutionConfigurationPlatforms) = preSolution
		Debug|Any CPU = Debug|Any CPU
		Release|Any CPU = Release|Any CPU
	EndGlobalSection
	GlobalSection(ProjectConfigurationPlatforms) = postSolution
		{1D8DFDB3-A592-4BA8-9990-D8F2C0F1D088}.Debug|Any CPU.ActiveCfg = Debug|Any CPU
		{1D8DFDB3-A592-4BA8-9990-D8F2C0F1D088}.Debug|Any CPU.Build.0 = Debug|Any CPU
		{1D8DFDB3-A592-4BA8-9990-D8F2C0F1D088}.Release|Any CPU.ActiveCfg = Release|Any CPU
		{1D8DFDB3-A592-4BA8-9990-D8F2C0F1D088}.Release|Any CPU.Build.0 = Release|Any CPU
		{45F15C71-063E-4198-937C-746A86F0F667}.Debug|Any CPU.ActiveCfg = Debug|Any CPU
		{45F15C71-063E-4198-937C-746A86F0F667}.Debug|Any CPU.Build.0 = Debug|Any CPU
		{45F15C71-063E-4198-937C-746A86F0F667}.Release|Any CPU.ActiveCfg = Release|Any CPU
		{45F15C71-063E-4198-937C-746A86F0F667}.Release|Any CPU.Build.0 = Release|Any CPU
	EndGlobalSection
	GlobalSection(SolutionProperties) = preSolution
		HideSolutionNode = FALSE
	EndGlobalSection
	GlobalSection(ExtensibilityGlobals) = postSolution
		SolutionGuid = {76650411-B016-408A-A369-588AA656412A}
	EndGlobalSection
EndGlobal
